# This file is autogenerated, do not edit; changes may be undone by the next 'dep ensure'.


[[projects]]
  digest = "1:d4f85c4d299e6f5038627705db5ee9760319aeee62cbb0d4d9f5265becc94744"
  name = "github.com/rs/zerolog"
  packages = [
    ".",
    "internal/cbor",
    "internal/json",
  ]
  pruneopts = "UT"
  revision = "7592fcbe604741a8d6044390c09d70c01569e1b3"
  version = "v1.16.0"

[solve-meta]
  analyzer-name = "dep"
  analyzer-version = 1
  input-imports = ["github.com/rs/zerolog"]
  solver-name = "gps-cdcl"
  solver-version = 1
